{
  "name": "jsorm",
  "version": "1.0.0",
  "lockfileVersion": 1,
  "requires": true,
  "dependencies": {
    "@types/node": {
      "version": "10.9.3",
      "resolved": "https://registry.npmjs.org/@types/node/-/node-10.9.3.tgz",
      "integrity": "sha512-DOzWZKUnmFYG0KUOs+9HEBju2QhBU6oM2zeluunQNt0vnJvnkHvtDNlQPZDkTrkC5pZrNx1TPqeL137zciXZMQ==",
      "dev": true
    }
  }
}
